<?xml version="1.0" encoding="utf-8"?>
<Project ToolsVersion="4.0" xmlns="http://schemas.microsoft.com/developer/msbuild/2003">
  <ItemGroup>
    <Filter Include="Source Files">
      <UniqueIdentifier>{4FC737F1-C7A5-4376-A066-2A32D752A2FF}</UniqueIdentifier>
      <Extensions>cpp;c;cc;cxx;def;odl;idl;hpj;bat;asm;asmx</Extensions>
    </Filter>
    <Filter Include="Header Files">
      <UniqueIdentifier>{93995380-89BD-4b04-88EB-625FBE52EBFB}</UniqueIdentifier>
      <Extensions>h;hh;hpp;hxx;hm;inl;inc;xsd</Extensions>
    </Filter>
    <Filter Include="Resource Files">
      <UniqueIdentifier>{67DA6AB6-F800-4c08-8B7A-83BB121AAD01}</UniqueIdentifier>
      <Extensions>rc;ico;cur;bmp;dlg;rc2;rct;bin;rgs;gif;jpg;jpeg;jpe;resx;tiff;tif;png;wav;mfcribbon-ms</Extensions>
    </Filter>
    <Filter Include="Source Files\2D">
      <UniqueIdentifier>{6f3c0b64-bfd4-4bc8-a1ec-6ec337e8ac73}</UniqueIdentifier>
    </Filter>
    <Filter Include="Source Files\3D">
      <UniqueIdentifier>{ffa9c4cf-cb7d-46d1-878b-0ebec49b1b0b}</UniqueIdentifier>
    </Filter>
    <Filter Include="Header Files\2D">
      <UniqueIdentifier>{9e9f7bed-e706-4464-87f9-81fed6ba4bd6}</UniqueIdentifier>
    </Filter>
    <Filter Include="Header Files\3D">
      <UniqueIdentifier>{52ecf189-53e6-4673-8975-72829a606eaa}</UniqueIdentifier>
    </Filter>
  </ItemGroup>
  <ItemGroup>
    <ClCompile Include="Main.cpp">
      <Filter>Source Files</Filter>
    </ClCompile>
    <ClCompile Include="Raster.cpp">
      <Filter>Source Files</Filter>
    </ClCompile>
    <ClCompile Include="Helper.cpp">
      <Filter>Source Files</Filter>
    </ClCompile>
    <ClCompile Include="Scene.cpp">
      <Filter>Source Files</Filter>
    </ClCompile>
    <ClCompile Include="PixelColorf.cpp">
      <Filter>Source Files</Filter>
    </ClCompile>
    <ClCompile Include="Matrix3x3.cpp">
      <Filter>Source Files\2D</Filter>
    </ClCompile>
    <ClCompile Include="Matrix4x4.cpp">
      <Filter>Source Files\3D</Filter>
    </ClCompile>
    <ClCompile Include="Triangle3D.cpp">
      <Filter>Source Files\3D</Filter>
    </ClCompile>
    <ClCompile Include="Triangle3DArray.cpp">
      <Filter>Source Files\3D</Filter>
    </ClCompile>
    <ClCompile Include="Vector4f.cpp">
      <Filter>Source Files\3D</Filter>
    </ClCompile>
    <ClCompile Include="Vector3f.cpp">
      <Filter>Source Files\2D</Filter>
    </ClCompile>
  </ItemGroup>
  <ItemGroup>
    <ClInclude Include="Raster.h">
      <Filter>Header Files</Filter>
    </ClInclude>
    <ClInclude Include="Helper.h">
      <Filter>Header Files</Filter>
    </ClInclude>
    <ClInclude Include="Scene.h">
      <Filter>Header Files</Filter>
    </ClInclude>
    <ClInclude Include="PixelColorf.h">
      <Filter>Header Files</Filter>
    </ClInclude>
    <ClInclude Include="Matrix3x3.h">
      <Filter>Header Files\2D</Filter>
    </ClInclude>
    <ClInclude Include="Matrix4x4.h">
      <Filter>Header Files\3D</Filter>
    </ClInclude>
    <ClInclude Include="Triangle3D.h">
      <Filter>Header Files\3D</Filter>
    </ClInclude>
    <ClInclude Include="Triangle3DArray.h">
      <Filter>Header Files\3D</Filter>
    </ClInclude>
    <ClInclude Include="Vector4f.h">
      <Filter>Header Files\3D</Filter>
    </ClInclude>
    <ClInclude Include="CONSTANTS.h">
      <Filter>Header Files</Filter>
    </ClInclude>
    <ClInclude Include="Vector3f.h">
      <Filter>Header Files\2D</Filter>
    </ClInclude>
  </ItemGroup>
  <ItemGroup>
    <None Include="image.ppm">
      <Filter>Resource Files</Filter>
    </None>
    <None Include="scene.u3d">
      <Filter>Resource Files</Filter>
    </None>
  </ItemGroup>
  <ItemGroup>
    <Image Include="image.bmp">
      <Filter>Resource Files</Filter>
    </Image>
  </ItemGroup>
</Project>