<?xml version="1.0" encoding="utf-8"?>
<Project ToolsVersion="4.0" xmlns="http://schemas.microsoft.com/developer/msbuild/2003">
  <ItemGroup>
    <Filter Include="Source Files">
      <UniqueIdentifier>{4FC737F1-C7A5-4376-A066-2A32D752A2FF}</UniqueIdentifier>
      <Extensions>cpp;c;cc;cxx;def;odl;idl;hpj;bat;asm;asmx</Extensions>
    </Filter>
    <Filter Include="Header Files">
      <UniqueIdentifier>{93995380-89BD-4b04-88EB-625FBE52EBFB}</UniqueIdentifier>
      <Extensions>h;hh;hpp;hxx;hm;inl;inc;xsd</Extensions>
    </Filter>
    <Filter Include="Resource Files">
      <UniqueIdentifier>{67DA6AB6-F800-4c08-8B7A-83BB121AAD01}</UniqueIdentifier>
      <Extensions>rc;ico;cur;bmp;dlg;rc2;rct;bin;rgs;gif;jpg;jpeg;jpe;resx;tiff;tif;png;wav;mfcribbon-ms</Extensions>
    </Filter>
    <Filter Include="Source Files\2D">
      <UniqueIdentifier>{8aa4f4e8-993d-44a5-8058-ca78a5442682}</UniqueIdentifier>
    </Filter>
    <Filter Include="Source Files\3D">
      <UniqueIdentifier>{ed0ffcaa-c854-4c49-bc01-da43b5a7ab51}</UniqueIdentifier>
    </Filter>
    <Filter Include="Header Files\2D">
      <UniqueIdentifier>{7f38dfa7-0b46-4710-8d6a-d87d953d7e53}</UniqueIdentifier>
    </Filter>
    <Filter Include="Header Files\3D">
      <UniqueIdentifier>{33fd8c8f-640d-46d9-b440-84ee2bfa0f3e}</UniqueIdentifier>
    </Filter>
  </ItemGroup>
  <ItemGroup>
    <ClCompile Include="Vector3f.cpp">
      <Filter>Source Files\2D</Filter>
    </ClCompile>
    <ClCompile Include="Matrix3x3.cpp">
      <Filter>Source Files\2D</Filter>
    </ClCompile>
    <ClCompile Include="Matrix4x4.cpp">
      <Filter>Source Files\3D</Filter>
    </ClCompile>
    <ClCompile Include="Vector4f.cpp">
      <Filter>Source Files\3D</Filter>
    </ClCompile>
    <ClCompile Include="Helper.cpp">
      <Filter>Source Files</Filter>
    </ClCompile>
    <ClCompile Include="PixelColor.cpp">
      <Filter>Source Files</Filter>
    </ClCompile>
    <ClCompile Include="Raster.cpp">
      <Filter>Source Files</Filter>
    </ClCompile>
    <ClCompile Include="Scene.cpp">
      <Filter>Source Files</Filter>
    </ClCompile>
    <ClCompile Include="Main.cpp">
      <Filter>Source Files</Filter>
    </ClCompile>
    <ClCompile Include="Light.cpp">
      <Filter>Source Files</Filter>
    </ClCompile>
    <ClCompile Include="TriangleArray.cpp">
      <Filter>Source Files\3D</Filter>
    </ClCompile>
    <ClCompile Include="Colorf.cpp">
      <Filter>Source Files</Filter>
    </ClCompile>
  </ItemGroup>
  <ItemGroup>
    <ClInclude Include="Matrix3x3.h">
      <Filter>Header Files\2D</Filter>
    </ClInclude>
    <ClInclude Include="Vector3f.h">
      <Filter>Header Files\2D</Filter>
    </ClInclude>
    <ClInclude Include="Matrix4x4.h">
      <Filter>Header Files\3D</Filter>
    </ClInclude>
    <ClInclude Include="Vector4f.h">
      <Filter>Header Files\3D</Filter>
    </ClInclude>
    <ClInclude Include="PixelColor.h">
      <Filter>Header Files</Filter>
    </ClInclude>
    <ClInclude Include="Raster.h">
      <Filter>Header Files</Filter>
    </ClInclude>
    <ClInclude Include="Scene.h">
      <Filter>Header Files</Filter>
    </ClInclude>
    <ClInclude Include="Helper.h">
      <Filter>Header Files</Filter>
    </ClInclude>
    <ClInclude Include="Light.h">
      <Filter>Header Files</Filter>
    </ClInclude>
    <ClInclude Include="TriangleArray.h">
      <Filter>Header Files\3D</Filter>
    </ClInclude>
    <ClInclude Include="Colorf.h">
      <Filter>Header Files</Filter>
    </ClInclude>
  </ItemGroup>
  <ItemGroup>
    <None Include="scene.u3d">
      <Filter>Resource Files</Filter>
    </None>
    <None Include="image.ppm">
      <Filter>Resource Files</Filter>
    </None>
    <None Include="scene.u4d">
      <Filter>Resource Files</Filter>
    </None>
  </ItemGroup>
  <ItemGroup>
    <Image Include="image.bmp">
      <Filter>Resource Files</Filter>
    </Image>
  </ItemGroup>
</Project>